// !$*UTF8*$!
{
	archiveVersion = 1;
	classes = {
	};
	objectVersion = 50;
	objects = {

/* Begin PBXBuildFile section */
		2149ECA8245BDC28008B0309 /* PillListTableViewController.swift in Sources */ = {isa = PBXBuildFile; fileRef = 2149ECA7245BDC28008B0309 /* PillListTableViewController.swift */; };
		2149ECAB245BDC9E008B0309 /* Pill.swift in Sources */ = {isa = PBXBuildFile; fileRef = 2149ECAA245BDC9E008B0309 /* Pill.swift */; };
		2149ECAD245BDCC4008B0309 /* PillModelController.swift in Sources */ = {isa = PBXBuildFile; fileRef = 2149ECAC245BDCC4008B0309 /* PillModelController.swift */; };
		2149ECB0245BDD2D008B0309 /* PillsTableViewCell.swift in Sources */ = {isa = PBXBuildFile; fileRef = 2149ECAF245BDD2D008B0309 /* PillsTableViewCell.swift */; };
		2149ECB2245BDE37008B0309 /* AddEditViewController.swift in Sources */ = {isa = PBXBuildFile; fileRef = 2149ECB1245BDE37008B0309 /* AddEditViewController.swift */; };
		40D687C5245B8836004DC059 /* AppDelegate.swift in Sources */ = {isa = PBXBuildFile; fileRef = 40D687C4245B8836004DC059 /* AppDelegate.swift */; };
		40D687C7245B8836004DC059 /* SceneDelegate.swift in Sources */ = {isa = PBXBuildFile; fileRef = 40D687C6245B8836004DC059 /* SceneDelegate.swift */; };
		40D687CE245B8836004DC059 /* Main.storyboard in Resources */ = {isa = PBXBuildFile; fileRef = 40D687CC245B8836004DC059 /* Main.storyboard */; };
		40D687D1245B8836004DC059 /* MediTracker.xcdatamodeld in Sources */ = {isa = PBXBuildFile; fileRef = 40D687CF245B8836004DC059 /* MediTracker.xcdatamodeld */; };
		40D687D3245B883A004DC059 /* Assets.xcassets in Resources */ = {isa = PBXBuildFile; fileRef = 40D687D2245B883A004DC059 /* Assets.xcassets */; };
		40D687D6245B883A004DC059 /* LaunchScreen.storyboard in Resources */ = {isa = PBXBuildFile; fileRef = 40D687D4245B883A004DC059 /* LaunchScreen.storyboard */; };
/* End PBXBuildFile section */

/* Begin PBXFileReference section */
		2149ECA7245BDC28008B0309 /* PillListTableViewController.swift */ = {isa = PBXFileReference; lastKnownFileType = sourcecode.swift; path = PillListTableViewController.swift; sourceTree = "<group>"; };
		2149ECAA245BDC9E008B0309 /* Pill.swift */ = {isa = PBXFileReference; lastKnownFileType = sourcecode.swift; path = Pill.swift; sourceTree = "<group>"; };
		2149ECAC245BDCC4008B0309 /* PillModelController.swift */ = {isa = PBXFileReference; lastKnownFileType = sourcecode.swift; path = PillModelController.swift; sourceTree = "<group>"; };
		2149ECAF245BDD2D008B0309 /* PillsTableViewCell.swift */ = {isa = PBXFileReference; lastKnownFileType = sourcecode.swift; path = PillsTableViewCell.swift; sourceTree = "<group>"; };
		2149ECB1245BDE37008B0309 /* AddEditViewController.swift */ = {isa = PBXFileReference; lastKnownFileType = sourcecode.swift; path = AddEditViewController.swift; sourceTree = "<group>"; };
		40D687C1245B8836004DC059 /* MediTracker.app */ = {isa = PBXFileReference; explicitFileType = wrapper.application; includeInIndex = 0; path = MediTracker.app; sourceTree = BUILT_PRODUCTS_DIR; };
		40D687C4245B8836004DC059 /* AppDelegate.swift */ = {isa = PBXFileReference; lastKnownFileType = sourcecode.swift; path = AppDelegate.swift; sourceTree = "<group>"; };
		40D687C6245B8836004DC059 /* SceneDelegate.swift */ = {isa = PBXFileReference; lastKnownFileType = sourcecode.swift; path = SceneDelegate.swift; sourceTree = "<group>"; };
		40D687CD245B8836004DC059 /* Base */ = {isa = PBXFileReference; lastKnownFileType = file.storyboard; name = Base; path = Base.lproj/Main.storyboard; sourceTree = "<group>"; };
		40D687D0245B8836004DC059 /* MediTracker.xcdatamodel */ = {isa = PBXFileReference; lastKnownFileType = wrapper.xcdatamodel; path = MediTracker.xcdatamodel; sourceTree = "<group>"; };
		40D687D2245B883A004DC059 /* Assets.xcassets */ = {isa = PBXFileReference; lastKnownFileType = folder.assetcatalog; path = Assets.xcassets; sourceTree = "<group>"; };
		40D687D5245B883A004DC059 /* Base */ = {isa = PBXFileReference; lastKnownFileType = file.storyboard; name = Base; path = Base.lproj/LaunchScreen.storyboard; sourceTree = "<group>"; };
		40D687D7245B883A004DC059 /* Info.plist */ = {isa = PBXFileReference; lastKnownFileType = text.plist.xml; path = Info.plist; sourceTree = "<group>"; };
/* End PBXFileReference section */

/* Begin PBXFrameworksBuildPhase section */
		40D687BE245B8836004DC059 /* Frameworks */ = {
			isa = PBXFrameworksBuildPhase;
			buildActionMask = 2147483647;
			files = (
			);
			runOnlyForDeploymentPostprocessing = 0;
		};
/* End PBXFrameworksBuildPhase section */

/* Begin PBXGroup section */
		2149ECA6245BDC0F008B0309 /* Controllers */ = {
			isa = PBXGroup;
			children = (
				2149ECA7245BDC28008B0309 /* PillListTableViewController.swift */,
				2149ECB1245BDE37008B0309 /* AddEditViewController.swift */,
			);
			path = Controllers;
			sourceTree = "<group>";
		};
		2149ECA9245BDC8C008B0309 /* Models */ = {
			isa = PBXGroup;
			children = (
				2149ECAA245BDC9E008B0309 /* Pill.swift */,
				2149ECAC245BDCC4008B0309 /* PillModelController.swift */,
			);
			path = Models;
			sourceTree = "<group>";
		};
		2149ECAE245BDD0F008B0309 /* Cells */ = {
			isa = PBXGroup;
			children = (
				2149ECAF245BDD2D008B0309 /* PillsTableViewCell.swift */,
			);
			path = Cells;
			sourceTree = "<group>";
		};
		40D687B8245B8836004DC059 = {
			isa = PBXGroup;
			children = (
				40D687C3245B8836004DC059 /* MediTracker */,
				40D687C2245B8836004DC059 /* Products */,
			);
			sourceTree = "<group>";
		};
		40D687C2245B8836004DC059 /* Products */ = {
			isa = PBXGroup;
			children = (
				40D687C1245B8836004DC059 /* MediTracker.app */,
			);
			name = Products;
			sourceTree = "<group>";
		};
		40D687C3245B8836004DC059 /* MediTracker */ = {
			isa = PBXGroup;
			children = (
				2149ECAE245BDD0F008B0309 /* Cells */,
				2149ECA9245BDC8C008B0309 /* Models */,
				2149ECA6245BDC0F008B0309 /* Controllers */,
				40D687C4245B8836004DC059 /* AppDelegate.swift */,
				40D687C6245B8836004DC059 /* SceneDelegate.swift */,
				40D687CC245B8836004DC059 /* Main.storyboard */,
				40D687D2245B883A004DC059 /* Assets.xcassets */,
				40D687D4245B883A004DC059 /* LaunchScreen.storyboard */,
				40D687D7245B883A004DC059 /* Info.plist */,
				40D687CF245B8836004DC059 /* MediTracker.xcdatamodeld */,
			);
			path = MediTracker;
			sourceTree = "<group>";
		};
/* End PBXGroup section */

/* Begin PBXNativeTarget section */
		40D687C0245B8836004DC059 /* MediTracker */ = {
			isa = PBXNativeTarget;
			buildConfigurationList = 40D687DA245B883A004DC059 /* Build configuration list for PBXNativeTarget "MediTracker" */;
			buildPhases = (
				40D687BD245B8836004DC059 /* Sources */,
				40D687BE245B8836004DC059 /* Frameworks */,
				40D687BF245B8836004DC059 /* Resources */,
			);
			buildRules = (
			);
			dependencies = (
			);
			name = MediTracker;
			productName = MediTracker;
			productReference = 40D687C1245B8836004DC059 /* MediTracker.app */;
			productType = "com.apple.product-type.application";
		};
/* End PBXNativeTarget section */

/* Begin PBXProject section */
		40D687B9245B8836004DC059 /* Project object */ = {
			isa = PBXProject;
			attributes = {
				LastSwiftUpdateCheck = 1140;
				LastUpgradeCheck = 1140;
				ORGANIZATIONNAME = "Brian Rouse";
				TargetAttributes = {
					40D687C0245B8836004DC059 = {
						CreatedOnToolsVersion = 11.4;
					};
				};
			};
			buildConfigurationList = 40D687BC245B8836004DC059 /* Build configuration list for PBXProject "MediTracker" */;
			compatibilityVersion = "Xcode 9.3";
			developmentRegion = en;
			hasScannedForEncodings = 0;
			knownRegions = (
				en,
				Base,
			);
			mainGroup = 40D687B8245B8836004DC059;
			productRefGroup = 40D687C2245B8836004DC059 /* Products */;
			projectDirPath = "";
			projectRoot = "";
			targets = (
				40D687C0245B8836004DC059 /* MediTracker */,
			);
		};
/* End PBXProject section */

/* Begin PBXResourcesBuildPhase section */
		40D687BF245B8836004DC059 /* Resources */ = {
			isa = PBXResourcesBuildPhase;
			buildActionMask = 2147483647;
			files = (
				40D687D6245B883A004DC059 /* LaunchScreen.storyboard in Resources */,
				40D687D3245B883A004DC059 /* Assets.xcassets in Resources */,
				40D687CE245B8836004DC059 /* Main.storyboard in Resources */,
			);
			runOnlyForDeploymentPostprocessing = 0;
		};
/* End PBXResourcesBuildPhase section */

/* Begin PBXSourcesBuildPhase section */
		40D687BD245B8836004DC059 /* Sources */ = {
			isa = PBXSourcesBuildPhase;
			buildActionMask = 2147483647;
			files = (
				2149ECA8245BDC28008B0309 /* PillListTableViewController.swift in Sources */,
				2149ECB0245BDD2D008B0309 /* PillsTableViewCell.swift in Sources */,
				2149ECAD245BDCC4008B0309 /* PillModelController.swift in Sources */,
				40D687C5245B8836004DC059 /* AppDelegate.swift in Sources */,
				2149ECB2245BDE37008B0309 /* AddEditViewController.swift in Sources */,
				40D687C7245B8836004DC059 /* SceneDelegate.swift in Sources */,
				2149ECAB245BDC9E008B0309 /* Pill.swift in Sources */,
				40D687D1245B8836004DC059 /* MediTracker.xcdatamodeld in Sources */,
			);
			runOnlyForDeploymentPostprocessing = 0;
		};
/* End PBXSourcesBuildPhase section */

/* Begin PBXVariantGroup section */
		40D687CC245B8836004DC059 /* Main.storyboard */ = {
			isa = PBXVariantGroup;
			children = (
				40D687CD245B8836004DC059 /* Base */,
			);
			name = Main.storyboard;
			sourceTree = "<group>";
		};
		40D687D4245B883A004DC059 /* LaunchScreen.storyboard */ = {
			isa = PBXVariantGroup;
			children = (
				40D687D5245B883A004DC059 /* Base */,
			);
			name = LaunchScreen.storyboard;
			sourceTree = "<group>";
		};
/* End PBXVariantGroup section */

/* Begin XCBuildConfiguration section */
		40D687D8245B883A004DC059 /* Debug */ = {
			isa = XCBuildConfiguration;
			buildSettings = {
				ALWAYS_SEARCH_USER_PATHS = NO;
				CLANG_ANALYZER_NONNULL = YES;
				CLANG_ANALYZER_NUMBER_OBJECT_CONVERSION = YES_AGGRESSIVE;
				CLANG_CXX_LANGUAGE_STANDARD = "gnu++14";
				CLANG_CXX_LIBRARY = "libc++";
				CLANG_ENABLE_MODULES = YES;
				CLANG_ENABLE_OBJC_ARC = YES;
				CLANG_ENABLE_OBJC_WEAK = YES;
				CLANG_WARN_BLOCK_CAPTURE_AUTORELEASING = YES;
				CLANG_WARN_BOOL_CONVERSION = YES;
				CLANG_WARN_COMMA = YES;
				CLANG_WARN_CONSTANT_CONVERSION = YES;
				CLANG_WARN_DEPRECATED_OBJC_IMPLEMENTATIONS = YES;
				CLANG_WARN_DIRECT_OBJC_ISA_USAGE = YES_ERROR;
				CLANG_WARN_DOCUMENTATION_COMMENTS = YES;
				CLANG_WARN_EMPTY_BODY = YES;
				CLANG_WARN_ENUM_CONVERSION = YES;
				CLANG_WARN_INFINITE_RECURSION = YES;
				CLANG_WARN_INT_CONVERSION = YES;
				CLANG_WARN_NON_LITERAL_NULL_CONVERSION = YES;
				CLANG_WARN_OBJC_IMPLICIT_RETAIN_SELF = YES;
				CLANG_WARN_OBJC_LITERAL_CONVERSION = YES;
				CLANG_WARN_OBJC_ROOT_CLASS = YES_ERROR;
				CLANG_WARN_RANGE_LOOP_ANALYSIS = YES;
				CLANG_WARN_STRICT_PROTOTYPES = YES;
				CLANG_WARN_SUSPICIOUS_MOVE = YES;
				CLANG_WARN_UNGUARDED_AVAILABILITY = YES_AGGRESSIVE;
				CLANG_WARN_UNREACHABLE_CODE = YES;
				CLANG_WARN__DUPLICATE_METHOD_MATCH = YES;
				COPY_PHASE_STRIP = NO;
				DEBUG_INFORMATION_FORMAT = dwarf;
				ENABLE_STRICT_OBJC_MSGSEND = YES;
				ENABLE_TESTABILITY = YES;
				GCC_C_LANGUAGE_STANDARD = gnu11;
				GCC_DYNAMIC_NO_PIC = NO;
				GCC_NO_COMMON_BLOCKS = YES;
				GCC_OPTIMIZATION_LEVEL = 0;
				GCC_PREPROCESSOR_DEFINITIONS = (
					"DEBUG=1",
					"$(inherited)",
				);
				GCC_WARN_64_TO_32_BIT_CONVERSION = YES;
				GCC_WARN_ABOUT_RETURN_TYPE = YES_ERROR;
				GCC_WARN_UNDECLARED_SELECTOR = YES;
				GCC_WARN_UNINITIALIZED_AUTOS = YES_AGGRESSIVE;
				GCC_WARN_UNUSED_FUNCTION = YES;
				GCC_WARN_UNUSED_VARIABLE = YES;
				IPHONEOS_DEPLOYMENT_TARGET = 13.4;
				MTL_ENABLE_DEBUG_INFO = INCLUDE_SOURCE;
				MTL_FAST_MATH = YES;
				ONLY_ACTIVE_ARCH = YES;
				SDKROOT = iphoneos;
				SWIFT_ACTIVE_COMPILATION_CONDITIONS = DEBUG;
				SWIFT_OPTIMIZATION_LEVEL = "-Onone";
			};
			name = Debug;
		};
		40D687D9245B883A004DC059 /* Release */ = {
			isa = XCBuildConfiguration;
			buildSettings = {
				ALWAYS_SEARCH_USER_PATHS = NO;
				CLANG_ANALYZER_NONNULL = YES;
				CLANG_ANALYZER_NUMBER_OBJECT_CONVERSION = YES_AGGRESSIVE;
				CLANG_CXX_LANGUAGE_STANDARD = "gnu++14";
				CLANG_CXX_LIBRARY = "libc++";
				CLANG_ENABLE_MODULES = YES;
				CLANG_ENABLE_OBJC_ARC = YES;
				CLANG_ENABLE_OBJC_WEAK = YES;
				CLANG_WARN_BLOCK_CAPTURE_AUTORELEASING = YES;
				CLANG_WARN_BOOL_CONVERSION = YES;
				CLANG_WARN_COMMA = YES;
				CLANG_WARN_CONSTANT_CONVERSION = YES;
				CLANG_WARN_DEPRECATED_OBJC_IMPLEMENTATIONS = YES;
				CLANG_WARN_DIRECT_OBJC_ISA_USAGE = YES_ERROR;
				CLANG_WARN_DOCUMENTATION_COMMENTS = YES;
				CLANG_WARN_EMPTY_BODY = YES;
				CLANG_WARN_ENUM_CONVERSION = YES;
				CLANG_WARN_INFINITE_RECURSION = YES;
				CLANG_WARN_INT_CONVERSION = YES;
				CLANG_WARN_NON_LITERAL_NULL_CONVERSION = YES;
				CLANG_WARN_OBJC_IMPLICIT_RETAIN_SELF = YES;
				CLANG_WARN_OBJC_LITERAL_CONVERSION = YES;
				CLANG_WARN_OBJC_ROOT_CLASS = YES_ERROR;
				CLANG_WARN_RANGE_LOOP_ANALYSIS = YES;
				CLANG_WARN_STRICT_PROTOTYPES = YES;
				CLANG_WARN_SUSPICIOUS_MOVE = YES;
				CLANG_WARN_UNGUARDED_AVAILABILITY = YES_AGGRESSIVE;
				CLANG_WARN_UNREACHABLE_CODE = YES;
				CLANG_WARN__DUPLICATE_METHOD_MATCH = YES;
				COPY_PHASE_STRIP = NO;
				DEBUG_INFORMATION_FORMAT = "dwarf-with-dsym";
				ENABLE_NS_ASSERTIONS = NO;
				ENABLE_STRICT_OBJC_MSGSEND = YES;
				GCC_C_LANGUAGE_STANDARD = gnu11;
				GCC_NO_COMMON_BLOCKS = YES;
				GCC_WARN_64_TO_32_BIT_CONVERSION = YES;
				GCC_WARN_ABOUT_RETURN_TYPE = YES_ERROR;
				GCC_WARN_UNDECLARED_SELECTOR = YES;
				GCC_WARN_UNINITIALIZED_AUTOS = YES_AGGRESSIVE;
				GCC_WARN_UNUSED_FUNCTION = YES;
				GCC_WARN_UNUSED_VARIABLE = YES;
				IPHONEOS_DEPLOYMENT_TARGET = 13.4;
				MTL_ENABLE_DEBUG_INFO = NO;
				MTL_FAST_MATH = YES;
				SDKROOT = iphoneos;
				SWIFT_COMPILATION_MODE = wholemodule;
				SWIFT_OPTIMIZATION_LEVEL = "-O";
				VALIDATE_PRODUCT = YES;
			};
			name = Release;
		};
		40D687DB245B883A004DC059 /* Debug */ = {
			isa = XCBuildConfiguration;
			buildSettings = {
				ASSETCATALOG_COMPILER_APPICON_NAME = AppIcon;
				CODE_SIGN_STYLE = Automatic;
				DEVELOPMENT_TEAM = V4Y5L9JJ7W;
				INFOPLIST_FILE = MediTracker/Info.plist;
				IPHONEOS_DEPLOYMENT_TARGET = 13.0;
				LD_RUNPATH_SEARCH_PATHS = (
					"$(inherited)",
					"@executable_path/Frameworks",
				);
				PRODUCT_BUNDLE_IDENTIFIER = BRouse.MediTracker;
				PRODUCT_NAME = "$(TARGET_NAME)";
				SWIFT_VERSION = 5.0;
				TARGETED_DEVICE_FAMILY = 1;
			};
			name = Debug;
		};
		40D687DC245B883A004DC059 /* Release */ = {
			isa = XCBuildConfiguration;
			buildSettings = {
				ASSETCATALOG_COMPILER_APPICON_NAME = AppIcon;
				CODE_SIGN_STYLE = Automatic;
				DEVELOPMENT_TEAM = V4Y5L9JJ7W;
				INFOPLIST_FILE = MediTracker/Info.plist;
				IPHONEOS_DEPLOYMENT_TARGET = 13.0;
				LD_RUNPATH_SEARCH_PATHS = (
					"$(inherited)",
					"@executable_path/Frameworks",
				);
				PRODUCT_BUNDLE_IDENTIFIER = BRouse.MediTracker;
				PRODUCT_NAME = "$(TARGET_NAME)";
				SWIFT_VERSION = 5.0;
				TARGETED_DEVICE_FAMILY = 1;
			};
			name = Release;
		};
/* End XCBuildConfiguration section */

/* Begin XCConfigurationList section */
		40D687BC245B8836004DC059 /* Build configuration list for PBXProject "MediTracker" */ = {
			isa = XCConfigurationList;
			buildConfigurations = (
				40D687D8245B883A004DC059 /* Debug */,
				40D687D9245B883A004DC059 /* Release */,
			);
			defaultConfigurationIsVisible = 0;
			defaultConfigurationName = Release;
		};
		40D687DA245B883A004DC059 /* Build configuration list for PBXNativeTarget "MediTracker" */ = {
			isa = XCConfigurationList;
			buildConfigurations = (
				40D687DB245B883A004DC059 /* Debug */,
				40D687DC245B883A004DC059 /* Release */,
			);
			defaultConfigurationIsVisible = 0;
			defaultConfigurationName = Release;
		};
/* End XCConfigurationList section */

/* Begin XCVersionGroup section */
		40D687CF245B8836004DC059 /* MediTracker.xcdatamodeld */ = {
			isa = XCVersionGroup;
			children = (
				40D687D0245B8836004DC059 /* MediTracker.xcdatamodel */,
			);
			currentVersion = 40D687D0245B8836004DC059 /* MediTracker.xcdatamodel */;
			path = MediTracker.xcdatamodeld;
			sourceTree = "<group>";
			versionGroupType = wrapper.xcdatamodel;
		};
/* End XCVersionGroup section */
	};
	rootObject = 40D687B9245B8836004DC059 /* Project object */;
}
